
Microsoft Visual Studio Solution File, Format Version 12.00
# Visual Studio Version 17
VisualStudioVersion = 17.5.002.0
MinimumVisualStudioVersion = 10.0.40219.1
Project("{9A19103F-16F7-4668-BE54-9A1E7A4F7556}") = "hw1", "hw1.csproj", "{DC75D27C-0E0E-44E5-ADDE-C6968E3ED248}"
EndProject
Global
	GlobalSection(SolutionConfigurationPlatforms) = preSolution
		Debug|Any CPU = Debug|Any CPU
		Release|Any CPU = Release|Any CPU
	EndGlobalSection
	GlobalSection(ProjectConfigurationPlatforms) = postSolution
		{DC75D27C-0E0E-44E5-ADDE-C6968E3ED248}.Debug|Any CPU.ActiveCfg = Debug|Any CPU
		{DC75D27C-0E0E-44E5-ADDE-C6968E3ED248}.Debug|Any CPU.Build.0 = Debug|Any CPU
		{DC75D27C-0E0E-44E5-ADDE-C6968E3ED248}.Release|Any CPU.ActiveCfg = Release|Any CPU
		{DC75D27C-0E0E-44E5-ADDE-C6968E3ED248}.Release|Any CPU.Build.0 = Release|Any CPU
	EndGlobalSection
	GlobalSection(SolutionProperties) = preSolution
		HideSolutionNode = FALSE
	EndGlobalSection
	GlobalSection(ExtensibilityGlobals) = postSolution
		SolutionGuid = {6875CB86-29F5-4980-9109-35122F804274}
	EndGlobalSection
EndGlobal
